
Microsoft Visual Studio Solution File, Format Version 12.00
# Visual Studio Version 17
VisualStudioVersion = 17.2.32616.157
MinimumVisualStudioVersion = 10.0.40219.1
Project("{FAE04EC0-301F-11D3-BF4B-00C04F79EFBC}") = "ExpenseTracker", "ExpenseTracker.csproj", "{99F76F08-7024-4020-81D7-A54E1134E12B}"
EndProject
Global
	GlobalSection(SolutionConfigurationPlatforms) = preSolution
		Debug|Any CPU = Debug|Any CPU
		Release|Any CPU = Release|Any CPU
	EndGlobalSection
	GlobalSection(ProjectConfigurationPlatforms) = postSolution
		{99F76F08-7024-4020-81D7-A54E1134E12B}.Debug|Any CPU.ActiveCfg = Debug|Any CPU
		{99F76F08-7024-4020-81D7-A54E1134E12B}.Debug|Any CPU.Build.0 = Debug|Any CPU
		{99F76F08-7024-4020-81D7-A54E1134E12B}.Release|Any CPU.ActiveCfg = Release|Any CPU
		{99F76F08-7024-4020-81D7-A54E1134E12B}.Release|Any CPU.Build.0 = Release|Any CPU
	EndGlobalSection
	GlobalSection(SolutionProperties) = preSolution
		HideSolutionNode = FALSE
	EndGlobalSection
	GlobalSection(ExtensibilityGlobals) = postSolution
		SolutionGuid = {98FAF73F-BD84-4C1F-867E-D16FA478CB5C}
	EndGlobalSection
EndGlobal
